
Microsoft Visual Studio Solution File, Format Version 12.00
# Visual Studio Version 16
VisualStudioVersion = 25.0.1703.0
MinimumVisualStudioVersion = 10.0.40219.1
Project("{FAE04EC0-301F-11D3-BF4B-00C04F79EFBC}") = "bug_reproduce", "bug_reproduce\bug_reproduce.csproj", "{F20BDB91-EDBC-45A4-941A-A3263CE6861A}"
EndProject
Global
	GlobalSection(SolutionConfigurationPlatforms) = preSolution
		Debug|Any CPU = Debug|Any CPU
		Release|Any CPU = Release|Any CPU
	EndGlobalSection
	GlobalSection(ProjectConfigurationPlatforms) = postSolution
		{F20BDB91-EDBC-45A4-941A-A3263CE6861A}.Debug|Any CPU.ActiveCfg = Debug|Any CPU
		{F20BDB91-EDBC-45A4-941A-A3263CE6861A}.Debug|Any CPU.Build.0 = Debug|Any CPU
		{F20BDB91-EDBC-45A4-941A-A3263CE6861A}.Release|Any CPU.ActiveCfg = Release|Any CPU
		{F20BDB91-EDBC-45A4-941A-A3263CE6861A}.Release|Any CPU.Build.0 = Release|Any CPU
	EndGlobalSection
	GlobalSection(SolutionProperties) = preSolution
		HideSolutionNode = FALSE
	EndGlobalSection
	GlobalSection(ExtensibilityGlobals) = postSolution
		SolutionGuid = {052A6B06-5E2E-406F-8AC0-965567E1F9D4}
	EndGlobalSection
EndGlobal
